// !$*UTF8*$!
{
	archiveVersion = 1;
	classes = {
	};
	objectVersion = 50;
	objects = {

/* Begin PBXFileReference section */
		2A6E21E92C42324D0036D09F /* AorticStenosis.png */ = {isa = PBXFileReference; lastKnownFileType = image.png; path = AorticStenosis.png; sourceTree = "<group>"; };
		2A6E21EA2C42324D0036D09F /* manifest.json */ = {isa = PBXFileReference; lastKnownFileType = text.json; path = manifest.json; sourceTree = "<group>"; };
		2A6E21EB2C42324E0036D09F /* pwa.html */ = {isa = PBXFileReference; lastKnownFileType = text.html; path = pwa.html; sourceTree = "<group>"; };
		2A6E21EC2C42324E0036D09F /* sw.js */ = {isa = PBXFileReference; lastKnownFileType = sourcecode.javascript; path = sw.js; sourceTree = "<group>"; };
		2A6E21ED2C42324E0036D09F /* icon-512.png */ = {isa = PBXFileReference; lastKnownFileType = image.png; path = "icon-512.png"; sourceTree = "<group>"; };
/* End PBXFileReference section */

/* Begin PBXGroup section */
		2A6E21E22C422E650036D09F = {
			isa = PBXGroup;
			children = (
				2A6E21E92C42324D0036D09F /* AorticStenosis.png */,
				2A6E21ED2C42324E0036D09F /* icon-512.png */,
				2A6E21EA2C42324D0036D09F /* manifest.json */,
				2A6E21EB2C42324E0036D09F /* pwa.html */,
				2A6E21EC2C42324E0036D09F /* sw.js */,
			);
			sourceTree = "<group>";
		};
/* End PBXGroup section */

/* Begin PBXProject section */
		2A6E21E32C422E650036D09F /* Project object */ = {
			isa = PBXProject;
			attributes = {
				LastUpgradeCheck = 1000;
			};
			buildConfigurationList = 2A6E21E62C422E650036D09F /* Build configuration list for PBXProject "myPWA" */;
			compatibilityVersion = "Xcode 9.3";
			developmentRegion = en;
			hasScannedForEncodings = 0;
			knownRegions = (
				en,
			);
			mainGroup = 2A6E21E22C422E650036D09F;
			projectDirPath = "";
			projectRoot = "";
			targets = (
			);
		};
/* End PBXProject section */

/* Begin XCBuildConfiguration section */
		2A6E21E72C422E650036D09F /* Debug */ = {
			isa = XCBuildConfiguration;
			buildSettings = {
			};
			name = Debug;
		};
		2A6E21E82C422E650036D09F /* Release */ = {
			isa = XCBuildConfiguration;
			buildSettings = {
			};
			name = Release;
		};
/* End XCBuildConfiguration section */

/* Begin XCConfigurationList section */
		2A6E21E62C422E650036D09F /* Build configuration list for PBXProject "myPWA" */ = {
			isa = XCConfigurationList;
			buildConfigurations = (
				2A6E21E72C422E650036D09F /* Debug */,
				2A6E21E82C422E650036D09F /* Release */,
			);
			defaultConfigurationIsVisible = 0;
			defaultConfigurationName = Release;
		};
/* End XCConfigurationList section */
	};
	rootObject = 2A6E21E32C422E650036D09F /* Project object */;
}
